{
  "name": "ipp5-frontend-launcher",
  "version": "0.0.0",
  "lockfileVersion": 3,
  "requires": true,
  "packages": {
    "": {
      "name": "ipp5-frontend-launcher",
      "version": "0.0.0",
      "license": "MIT",
      "dependencies": {
        "azure-terraformer": "github:e53e04ac/azure-terraformer",
        "event-emitter": "github:e53e04ac/event-emitter",
        "file-entry": "github:e53e04ac/file-entry",
        "file-entry-native": "github:e53e04ac/file-entry-native",
        "hold": "github:e53e04ac/hold"
      },
      "devDependencies": {
        "@types/node": "^18.11.19"
      }
    },
    "node_modules/@types/node": {
      "version": "18.11.19",
      "resolved": "https://registry.npmjs.org/@types/node/-/node-18.11.19.tgz",
      "integrity": "sha512-YUgMWAQBWLObABqrvx8qKO1enAvBUdjZOAWQ5grBAkp5LQv45jBvYKZ3oFS9iKRCQyFjqw6iuEa1vmFqtxYLZw==",
      "dev": true
    },
    "node_modules/azure-terraformer": {
      "version": "0.0.0",
      "resolved": "git+ssh://git@github.com/e53e04ac/azure-terraformer.git#956f020e9a134ebc33444b35b3166735935e5a36",
      "license": "MIT",
      "dependencies": {
        "event-emitter": "github:e53e04ac/event-emitter",
        "file-entry": "github:e53e04ac/file-entry",
        "hold": "github:e53e04ac/hold",
        "string-template": "github:e53e04ac/string-template"
      }
    },
    "node_modules/base": {
      "version": "0.0.0",
      "resolved": "git+ssh://git@github.com/e53e04ac/base.git#b7f0aebd95b8abcb4f172a3757134c0616d93a4e",
      "license": "MIT",
      "dependencies": {
        "hold": "github:e53e04ac/hold"
      }
    },
    "node_modules/event-emitter": {
      "version": "0.0.0",
      "resolved": "git+ssh://git@github.com/e53e04ac/event-emitter.git#82134cd9a65b188a49b5d5204b4c9048c13f03a4",
      "license": "MIT",
      "dependencies": {
        "base": "github:e53e04ac/base",
        "hold": "github:e53e04ac/hold"
      }
    },
    "node_modules/file-entry": {
      "version": "0.0.0",
      "resolved": "git+ssh://git@github.com/e53e04ac/file-entry.git#ba2e747b69e176024bb561918ac0e0ccbbfefe6a",
      "license": "MIT",
      "dependencies": {
        "base": "github:e53e04ac/base",
        "hold": "github:e53e04ac/hold"
      }
    },
    "node_modules/file-entry-native": {
      "version": "0.0.0",
      "resolved": "git+ssh://git@github.com/e53e04ac/file-entry-native.git#82f8baf4019cf1ca2884d80e2640379d67f9fd21",
      "license": "MIT",
      "dependencies": {
        "base": "github:e53e04ac/base",
        "file-entry": "github:e53e04ac/file-entry",
        "hold": "github:e53e04ac/hold"
      }
    },
    "node_modules/hold": {
      "version": "0.0.0",
      "resolved": "git+ssh://git@github.com/e53e04ac/hold.git#71c950a1abcf1cfea9606e5b433f86791c962772",
      "license": "MIT"
    },
    "node_modules/string-template": {
      "version": "0.0.0",
      "resolved": "git+ssh://git@github.com/e53e04ac/string-template.git#8dd54d241dc6d76dc72ada4c4235290d27c92eae",
      "license": "MIT",
      "dependencies": {
        "event-emitter": "github:e53e04ac/event-emitter",
        "hold": "github:e53e04ac/hold"
      }
    }
  }
}
